
Microsoft Visual Studio Solution File, Format Version 12.00
# Visual Studio Version 17
VisualStudioVersion = 17.4.33213.308
MinimumVisualStudioVersion = 10.0.40219.1
Project("{FAE04EC0-301F-11D3-BF4B-00C04F79EFBC}") = "lab01-22.10.23", "lab01-22.10.23.csproj", "{2001565A-A44C-4004-8B0C-4F0E1AE2068D}"
EndProject
Global
	GlobalSection(SolutionConfigurationPlatforms) = preSolution
		Debug|Any CPU = Debug|Any CPU
		Release|Any CPU = Release|Any CPU
	EndGlobalSection
	GlobalSection(ProjectConfigurationPlatforms) = postSolution
		{2001565A-A44C-4004-8B0C-4F0E1AE2068D}.Debug|Any CPU.ActiveCfg = Debug|Any CPU
		{2001565A-A44C-4004-8B0C-4F0E1AE2068D}.Debug|Any CPU.Build.0 = Debug|Any CPU
		{2001565A-A44C-4004-8B0C-4F0E1AE2068D}.Release|Any CPU.ActiveCfg = Release|Any CPU
		{2001565A-A44C-4004-8B0C-4F0E1AE2068D}.Release|Any CPU.Build.0 = Release|Any CPU
	EndGlobalSection
	GlobalSection(SolutionProperties) = preSolution
		HideSolutionNode = FALSE
	EndGlobalSection
	GlobalSection(ExtensibilityGlobals) = postSolution
		SolutionGuid = {62A34273-E9D0-4CDD-BEC0-6E4C3DB91C45}
	EndGlobalSection
EndGlobal
